<?xml version="1.0" encoding="utf-8"?>
<Project ToolsVersion="4.0" xmlns="http://schemas.microsoft.com/developer/msbuild/2003">
  <ItemGroup>
    <Filter Include="Исходные файлы">
      <UniqueIdentifier>{4FC737F1-C7A5-4376-A066-2A32D752A2FF}</UniqueIdentifier>
      <Extensions>cpp;c;cc;cxx;c++;cppm;ixx;def;odl;idl;hpj;bat;asm;asmx</Extensions>
    </Filter>
    <Filter Include="Файлы заголовков">
      <UniqueIdentifier>{93995380-89BD-4b04-88EB-625FBE52EBFB}</UniqueIdentifier>
      <Extensions>h;hh;hpp;hxx;h++;hm;inl;inc;ipp;xsd</Extensions>
    </Filter>
    <Filter Include="Файлы ресурсов">
      <UniqueIdentifier>{67DA6AB6-F800-4c08-8B7A-83BB121AAD01}</UniqueIdentifier>
      <Extensions>rc;ico;cur;bmp;dlg;rc2;rct;bin;rgs;gif;jpg;jpeg;jpe;resx;tiff;tif;png;wav;mfcribbon-ms</Extensions>
    </Filter>
  </ItemGroup>
  <ItemGroup>
    <ClCompile Include="Pancake.cpp">
      <Filter>Исходные файлы</Filter>
    </ClCompile>
    <ClCompile Include="Scapula.cpp">
      <Filter>Исходные файлы</Filter>
    </ClCompile>
    <ClCompile Include="Plate.cpp">
      <Filter>Исходные файлы</Filter>
    </ClCompile>
    <ClCompile Include="Fan.cpp">
      <Filter>Исходные файлы</Filter>
    </ClCompile>
    <ClCompile Include="Scales.cpp">
      <Filter>Исходные файлы</Filter>
    </ClCompile>
    <ClCompile Include="Despenser.cpp">
      <Filter>Исходные файлы</Filter>
    </ClCompile>
    <ClCompile Include="Packer.cpp">
      <Filter>Исходные файлы</Filter>
    </ClCompile>
    <ClCompile Include="Dropoff.cpp">
      <Filter>Исходные файлы</Filter>
    </ClCompile>
    <ClCompile Include="System.cpp">
      <Filter>Исходные файлы</Filter>
    </ClCompile>
    <ClCompile Include="HelperBot.cpp">
      <Filter>Исходные файлы</Filter>
    </ClCompile>
    <ClCompile Include="Payment.cpp">
      <Filter>Исходные файлы</Filter>
    </ClCompile>
    <ClCompile Include="DespenserWithDough.cpp">
      <Filter>Исходные файлы</Filter>
    </ClCompile>
    <ClCompile Include="DespenserContent.cpp">
      <Filter>Исходные файлы</Filter>
    </ClCompile>
    <ClCompile Include="DespenserWithSweetStuffing.cpp">
      <Filter>Исходные файлы</Filter>
    </ClCompile>
    <ClCompile Include="Submitter.cpp">
      <Filter>Исходные файлы</Filter>
    </ClCompile>
    <ClCompile Include="Adapter.cpp">
      <Filter>Исходные файлы</Filter>
    </ClCompile>
    <ClCompile Include="Device.cpp">
      <Filter>Исходные файлы</Filter>
    </ClCompile>
    <ClCompile Include="LeafDevice.cpp">
      <Filter>Исходные файлы</Filter>
    </ClCompile>
    <ClCompile Include="CompositeDevice.cpp">
      <Filter>Исходные файлы</Filter>
    </ClCompile>
    <ClCompile Include="MyIterator.cpp">
      <Filter>Исходные файлы</Filter>
    </ClCompile>
    <ClCompile Include="MyList.cpp">
      <Filter>Исходные файлы</Filter>
    </ClCompile>
    <ClCompile Include="Printout.cpp">
      <Filter>Исходные файлы</Filter>
    </ClCompile>
    <ClCompile Include="Check.cpp">
      <Filter>Исходные файлы</Filter>
    </ClCompile>
    <ClCompile Include="Flyer.cpp">
      <Filter>Исходные файлы</Filter>
    </ClCompile>
    <ClCompile Include="Printer.cpp">
      <Filter>Исходные файлы</Filter>
    </ClCompile>
    <ClCompile Include="ColorPrinter.cpp">
      <Filter>Исходные файлы</Filter>
    </ClCompile>
    <ClCompile Include="BWPrinter.cpp">
      <Filter>Исходные файлы</Filter>
    </ClCompile>
    <ClCompile Include="Breakfast.cpp">
      <Filter>Исходные файлы</Filter>
    </ClCompile>
    <ClCompile Include="ICoffee.cpp">
      <Filter>Исходные файлы</Filter>
    </ClCompile>
    <ClCompile Include="IBakery.cpp">
      <Filter>Исходные файлы</Filter>
    </ClCompile>
    <ClCompile Include="Cake.cpp">
      <Filter>Исходные файлы</Filter>
    </ClCompile>
    <ClCompile Include="Donut.cpp">
      <Filter>Исходные файлы</Filter>
    </ClCompile>
    <ClCompile Include="Cappuccino.cpp">
      <Filter>Исходные файлы</Filter>
    </ClCompile>
    <ClCompile Include="Latte.cpp">
      <Filter>Исходные файлы</Filter>
    </ClCompile>
    <ClCompile Include="IBreakfastMaker.cpp">
      <Filter>Исходные файлы</Filter>
    </ClCompile>
    <ClCompile Include="CappuccinoWithCakeMaker.cpp">
      <Filter>Исходные файлы</Filter>
    </ClCompile>
    <ClCompile Include="LatteWithDonutMaker.cpp">
      <Filter>Исходные файлы</Filter>
    </ClCompile>
    <ClCompile Include="Drinks.cpp">
      <Filter>Исходные файлы</Filter>
    </ClCompile>
    <ClCompile Include="CarbonatedDrinks.cpp">
      <Filter>Исходные файлы</Filter>
    </ClCompile>
    <ClCompile Include="NonCarbonatedDrinks.cpp">
      <Filter>Исходные файлы</Filter>
    </ClCompile>
    <ClCompile Include="Tea.cpp">
      <Filter>Исходные файлы</Filter>
    </ClCompile>
    <ClCompile Include="Juice.cpp">
      <Filter>Исходные файлы</Filter>
    </ClCompile>
    <ClCompile Include="Cola.cpp">
      <Filter>Исходные файлы</Filter>
    </ClCompile>
    <ClCompile Include="MineralWater.cpp">
      <Filter>Исходные файлы</Filter>
    </ClCompile>
    <ClCompile Include="SingleUser.cpp">
      <Filter>Исходные файлы</Filter>
    </ClCompile>
    <ClCompile Include="ConcreteMemento.cpp">
      <Filter>Исходные файлы</Filter>
    </ClCompile>
    <ClCompile Include="Order.cpp">
      <Filter>Исходные файлы</Filter>
    </ClCompile>
    <ClCompile Include="Caretaker.cpp">
      <Filter>Исходные файлы</Filter>
    </ClCompile>
    <ClCompile Include="OrderMaker.cpp">
      <Filter>Исходные файлы</Filter>
    </ClCompile>
    <ClCompile Include="SystemPower.cpp">
      <Filter>Исходные файлы</Filter>
    </ClCompile>
  </ItemGroup>
  <ItemGroup>
    <ClInclude Include="IKitchenAppliance.h">
      <Filter>Файлы заголовков</Filter>
    </ClInclude>
    <ClInclude Include="Scapula.h">
      <Filter>Файлы заголовков</Filter>
    </ClInclude>
    <ClInclude Include="Plate.h">
      <Filter>Файлы заголовков</Filter>
    </ClInclude>
    <ClInclude Include="Fan.h">
      <Filter>Файлы заголовков</Filter>
    </ClInclude>
    <ClInclude Include="Scales.h">
      <Filter>Файлы заголовков</Filter>
    </ClInclude>
    <ClInclude Include="Despenser.h">
      <Filter>Файлы заголовков</Filter>
    </ClInclude>
    <ClInclude Include="Packer.h">
      <Filter>Файлы заголовков</Filter>
    </ClInclude>
    <ClInclude Include="Payment.h">
      <Filter>Файлы заголовков</Filter>
    </ClInclude>
    <ClInclude Include="Dropoff.h">
      <Filter>Файлы заголовков</Filter>
    </ClInclude>
    <ClInclude Include="Bot.h">
      <Filter>Файлы заголовков</Filter>
    </ClInclude>
    <ClInclude Include="System.h">
      <Filter>Файлы заголовков</Filter>
    </ClInclude>
    <ClInclude Include="HelperBot.h">
      <Filter>Файлы заголовков</Filter>
    </ClInclude>
    <ClInclude Include="ProxyBot.h">
      <Filter>Файлы заголовков</Filter>
    </ClInclude>
    <ClInclude Include="DespenserContent.h">
      <Filter>Файлы заголовков</Filter>
    </ClInclude>
    <ClInclude Include="DespenserWithDough.h">
      <Filter>Файлы заголовков</Filter>
    </ClInclude>
    <ClInclude Include="DespenserWithSweetStuffing.h">
      <Filter>Файлы заголовков</Filter>
    </ClInclude>
    <ClInclude Include="IDrop.h">
      <Filter>Файлы заголовков</Filter>
    </ClInclude>
    <ClInclude Include="Submitter.h">
      <Filter>Файлы заголовков</Filter>
    </ClInclude>
    <ClInclude Include="Adapter.h">
      <Filter>Файлы заголовков</Filter>
    </ClInclude>
    <ClInclude Include="Device.h">
      <Filter>Файлы заголовков</Filter>
    </ClInclude>
    <ClInclude Include="LeafDevice.h">
      <Filter>Файлы заголовков</Filter>
    </ClInclude>
    <ClInclude Include="CompositeDevice.h">
      <Filter>Файлы заголовков</Filter>
    </ClInclude>
    <ClInclude Include="MyIterator.h">
      <Filter>Файлы заголовков</Filter>
    </ClInclude>
    <ClInclude Include="ListNode.h">
      <Filter>Файлы заголовков</Filter>
    </ClInclude>
    <ClInclude Include="MyList.h">
      <Filter>Файлы заголовков</Filter>
    </ClInclude>
    <ClInclude Include="Printout.h">
      <Filter>Файлы заголовков</Filter>
    </ClInclude>
    <ClInclude Include="Check.h">
      <Filter>Файлы заголовков</Filter>
    </ClInclude>
    <ClInclude Include="Flyer.h">
      <Filter>Файлы заголовков</Filter>
    </ClInclude>
    <ClInclude Include="Printer.h">
      <Filter>Файлы заголовков</Filter>
    </ClInclude>
    <ClInclude Include="ColorPrinter.h">
      <Filter>Файлы заголовков</Filter>
    </ClInclude>
    <ClInclude Include="BWPrinter.h">
      <Filter>Файлы заголовков</Filter>
    </ClInclude>
    <ClInclude Include="Breakfast.h">
      <Filter>Файлы заголовков</Filter>
    </ClInclude>
    <ClInclude Include="ICoffee.h">
      <Filter>Файлы заголовков</Filter>
    </ClInclude>
    <ClInclude Include="IBakery.h">
      <Filter>Файлы заголовков</Filter>
    </ClInclude>
    <ClInclude Include="Cake.h">
      <Filter>Файлы заголовков</Filter>
    </ClInclude>
    <ClInclude Include="Donut.h">
      <Filter>Файлы заголовков</Filter>
    </ClInclude>
    <ClInclude Include="Cappuccino.h">
      <Filter>Файлы заголовков</Filter>
    </ClInclude>
    <ClInclude Include="Latte.h">
      <Filter>Файлы заголовков</Filter>
    </ClInclude>
    <ClInclude Include="IBreakfastMaker.h">
      <Filter>Файлы заголовков</Filter>
    </ClInclude>
    <ClInclude Include="CappuccinoWithCakeMaker.h">
      <Filter>Файлы заголовков</Filter>
    </ClInclude>
    <ClInclude Include="LatteWithDonutMaker.h">
      <Filter>Файлы заголовков</Filter>
    </ClInclude>
    <ClInclude Include="Drinks.h">
      <Filter>Файлы заголовков</Filter>
    </ClInclude>
    <ClInclude Include="CarbonatedDrinks.h">
      <Filter>Файлы заголовков</Filter>
    </ClInclude>
    <ClInclude Include="NonCarbonatedDrinks.h">
      <Filter>Файлы заголовков</Filter>
    </ClInclude>
    <ClInclude Include="Tea.h">
      <Filter>Файлы заголовков</Filter>
    </ClInclude>
    <ClInclude Include="Juice.h">
      <Filter>Файлы заголовков</Filter>
    </ClInclude>
    <ClInclude Include="Cola.h">
      <Filter>Файлы заголовков</Filter>
    </ClInclude>
    <ClInclude Include="MineralWater.h">
      <Filter>Файлы заголовков</Filter>
    </ClInclude>
    <ClInclude Include="SingleUser.h">
      <Filter>Файлы заголовков</Filter>
    </ClInclude>
    <ClInclude Include="IMemento.h">
      <Filter>Файлы заголовков</Filter>
    </ClInclude>
    <ClInclude Include="ConcreteMemento.h">
      <Filter>Файлы заголовков</Filter>
    </ClInclude>
    <ClInclude Include="Order.h">
      <Filter>Файлы заголовков</Filter>
    </ClInclude>
    <ClInclude Include="Caretaker.h">
      <Filter>Файлы заголовков</Filter>
    </ClInclude>
    <ClInclude Include="OrderMaker.h">
      <Filter>Файлы заголовков</Filter>
    </ClInclude>
    <ClInclude Include="SystemPower.h">
      <Filter>Файлы заголовков</Filter>
    </ClInclude>
  </ItemGroup>
  <ItemGroup>
    <None Include="cpp.hint" />
  </ItemGroup>
</Project>